github.com/andybalholm/brotli v1.0.5 h1:8uQZIdzKmjc/iuPu7O2ioW48L81FgatrcpfFmiq/cCs=
github.com/bool64/dev v0.2.31 h1:OS57EqYaYe2M/2bw9uhDCIFiZZwywKFS/4qMLN6JUmQ=
github.com/davecgh/go-spew v1.1.0/go.mod h1:J7Y8YcW2NihsgmVo/mv3lAwl/skON4iLHjSsI+c5H38=
github.com/davecgh/go-spew v1.1.1 h1:vj9j/u1bqnvCEfJOwUhtlOARqs3+rkHYY13jYWTU97c=
github.com/davecgh/go-spew v1.1.1/go.mod h1:J7Y8YcW2NihsgmVo/mv3lAwl/skON4iLHjSsI+c5H38=
github.com/pmezard/go-difflib v1.0.0 h1:4DBwDE0NGyQoBHbLQYPwSUPoCMWR5BEzIk/f1lZbAQM=
github.com/pmezard/go-difflib v1.0.0/go.mod h1:iKH77koFhYxTK1pcRnkKkqfTogsbg7gZNVY4sRDYZ/4=
github.com/stretchr/objx v0.1.0/go.mod h1:HFkY916IF+rwdDfMAkV7OtwuqBVzrE8GR6GFx+wExME=
github.com/stretchr/objx v0.4.0/go.mod h1:YvHI0jy2hoMjB+UWwv71VJQ9isScKT/TqJzVSSt89Yw=
github.com/stretchr/objx v0.5.0/go.mod h1:Yh+to48EsGEfYuaHDzXPcE3xhTkx73EhmCGUpEOglKo=
github.com/stretchr/testify v1.7.1/go.mod h1:6Fq8oRcR53rry900zMqJjRRixrwX3KX962/h/Wwjteg=
github.com/stretchr/testify v1.8.0/go.mod h1:yNjHg4UonilssWZ8iaSj1OCr/vHnekPRkoO+kdMU+MU=
github.com/stretchr/testify v1.8.2 h1:+h33VjcLVPDHtOdpUCuF+7gSuG3yGIftsP1YvFihtJ8=
github.com/stretchr/testify v1.8.2/go.mod h1:w2LPCIKwWwSfY2zedu0+kehJoqGctiVI29o6fzry7u4=
github.com/swaggest/swgui v1.7.4 h1:o9FpINbPiiob2WYzBaGO7KXCcM12H7tHlaWTiFiC5NM=
github.com/swaggest/swgui v1.7.4/go.mod h1:FP9uIPTB/QqVs2ZbOD6zc5yTw8SDTJfftak5f4ZRqOQ=
github.com/swaggest/swgui v1.8.2 h1:JGpRCLGLZ7EqTwHsBEOo//kx8CM7Rv3RchgvfNpB+6E=
github.com/swaggest/swgui v1.8.2/go.mod h1:nkzGeyMfq5FstGGNJKr1LORvM4RdsjTmvWvqvyZeDDc=
github.com/vearutop/statigz v1.4.0 h1:RQL0KG3j/uyA/PFpHeZ/L6l2ta920/MxlOAIGEOuwmU=
github.com/vearutop/statigz v1.4.0/go.mod h1:LYTolBLiz9oJISwiVKnOQoIwhO1LWX1A7OECawGS8XE=
github.com/vearutop/statigz v1.4.3 h1:eDWkkbQuiG1h8Eu4feV3Rb1x6048LMNIudT77a7Husc=
github.com/vearutop/statigz v1.4.3/go.mod h1:LYTolBLiz9oJISwiVKnOQoIwhO1LWX1A7OECawGS8XE=
gopkg.in/check.v1 v0.0.0-20161208181325-20d25e280405/go.mod h1:Co6ibVJAznAaIkqp8huTwlJQCZ016jof/cbN4VW5Yz0=
gopkg.in/yaml.v3 v3.0.0-20200313102051-9f266ea9e77c/go.mod h1:K4uyk7z7BCEPqu6E+C64Yfv1cQ7kz7rIZviUmN+EgEM=
gopkg.in/yaml.v3 v3.0.1 h1:fxVm/GzAzEWqLHuvctI91KS9hhNmmWOoWu0XTYJS7CA=
gopkg.in/yaml.v3 v3.0.1/go.mod h1:K4uyk7z7BCEPqu6E+C64Yfv1cQ7kz7rIZviUmN+EgEM=
